
Microsoft Visual Studio Solution File, Format Version 12.00
# Visual Studio Version 16
VisualStudioVersion = 16.0.32901.82
MinimumVisualStudioVersion = 10.0.40219.1
Project("{FAE04EC0-301F-11D3-BF4B-00C04F79EFBC}") = "App.Android", "App\App.Android\App.Android.csproj", "{BAAA2D65-F9FC-4F2D-91E8-09475A5BAE50}"
EndProject
Project("{FAE04EC0-301F-11D3-BF4B-00C04F79EFBC}") = "App.iOS", "App\App.iOS\App.iOS.csproj", "{D3A2C777-9E8F-4AF6-9CBD-3F91A82D1C5E}"
EndProject
Project("{FAE04EC0-301F-11D3-BF4B-00C04F79EFBC}") = "App", "App\App\App.csproj", "{633A1A3D-7BF4-4A1C-B5D3-2B0B6A43529D}"
EndProject
Global
	GlobalSection(SolutionConfigurationPlatforms) = preSolution
		Debug|Any CPU = Debug|Any CPU
		Debug|iPhone = Debug|iPhone
		Debug|iPhoneSimulator = Debug|iPhoneSimulator
		Release|Any CPU = Release|Any CPU
		Release|iPhone = Release|iPhone
		Release|iPhoneSimulator = Release|iPhoneSimulator
	EndGlobalSection
	GlobalSection(ProjectConfigurationPlatforms) = postSolution
		{BAAA2D65-F9FC-4F2D-91E8-09475A5BAE50}.Debug|Any CPU.ActiveCfg = Debug|Any CPU
		{BAAA2D65-F9FC-4F2D-91E8-09475A5BAE50}.Debug|Any CPU.Build.0 = Debug|Any CPU
		{BAAA2D65-F9FC-4F2D-91E8-09475A5BAE50}.Debug|Any CPU.Deploy.0 = Debug|Any CPU
		{BAAA2D65-F9FC-4F2D-91E8-09475A5BAE50}.Debug|iPhone.ActiveCfg = Debug|Any CPU
		{BAAA2D65-F9FC-4F2D-91E8-09475A5BAE50}.Debug|iPhone.Build.0 = Debug|Any CPU
		{BAAA2D65-F9FC-4F2D-91E8-09475A5BAE50}.Debug|iPhone.Deploy.0 = Debug|Any CPU
		{BAAA2D65-F9FC-4F2D-91E8-09475A5BAE50}.Debug|iPhoneSimulator.ActiveCfg = Debug|Any CPU
		{BAAA2D65-F9FC-4F2D-91E8-09475A5BAE50}.Debug|iPhoneSimulator.Build.0 = Debug|Any CPU
		{BAAA2D65-F9FC-4F2D-91E8-09475A5BAE50}.Debug|iPhoneSimulator.Deploy.0 = Debug|Any CPU
		{BAAA2D65-F9FC-4F2D-91E8-09475A5BAE50}.Release|Any CPU.ActiveCfg = Release|Any CPU
		{BAAA2D65-F9FC-4F2D-91E8-09475A5BAE50}.Release|Any CPU.Build.0 = Release|Any CPU
		{BAAA2D65-F9FC-4F2D-91E8-09475A5BAE50}.Release|Any CPU.Deploy.0 = Release|Any CPU
		{BAAA2D65-F9FC-4F2D-91E8-09475A5BAE50}.Release|iPhone.ActiveCfg = Release|Any CPU
		{BAAA2D65-F9FC-4F2D-91E8-09475A5BAE50}.Release|iPhone.Build.0 = Release|Any CPU
		{BAAA2D65-F9FC-4F2D-91E8-09475A5BAE50}.Release|iPhone.Deploy.0 = Release|Any CPU
		{BAAA2D65-F9FC-4F2D-91E8-09475A5BAE50}.Release|iPhoneSimulator.ActiveCfg = Release|Any CPU
		{BAAA2D65-F9FC-4F2D-91E8-09475A5BAE50}.Release|iPhoneSimulator.Build.0 = Release|Any CPU
		{BAAA2D65-F9FC-4F2D-91E8-09475A5BAE50}.Release|iPhoneSimulator.Deploy.0 = Release|Any CPU
		{D3A2C777-9E8F-4AF6-9CBD-3F91A82D1C5E}.Debug|Any CPU.ActiveCfg = Debug|iPhoneSimulator
		{D3A2C777-9E8F-4AF6-9CBD-3F91A82D1C5E}.Debug|iPhone.ActiveCfg = Debug|iPhone
		{D3A2C777-9E8F-4AF6-9CBD-3F91A82D1C5E}.Debug|iPhone.Build.0 = Debug|iPhone
		{D3A2C777-9E8F-4AF6-9CBD-3F91A82D1C5E}.Debug|iPhoneSimulator.ActiveCfg = Debug|iPhoneSimulator
		{D3A2C777-9E8F-4AF6-9CBD-3F91A82D1C5E}.Debug|iPhoneSimulator.Build.0 = Debug|iPhoneSimulator
		{D3A2C777-9E8F-4AF6-9CBD-3F91A82D1C5E}.Release|Any CPU.ActiveCfg = Release|iPhoneSimulator
		{D3A2C777-9E8F-4AF6-9CBD-3F91A82D1C5E}.Release|iPhone.ActiveCfg = Release|iPhone
		{D3A2C777-9E8F-4AF6-9CBD-3F91A82D1C5E}.Release|iPhone.Build.0 = Release|iPhone
		{D3A2C777-9E8F-4AF6-9CBD-3F91A82D1C5E}.Release|iPhoneSimulator.ActiveCfg = Release|iPhoneSimulator
		{D3A2C777-9E8F-4AF6-9CBD-3F91A82D1C5E}.Release|iPhoneSimulator.Build.0 = Release|iPhoneSimulator
		{633A1A3D-7BF4-4A1C-B5D3-2B0B6A43529D}.Debug|Any CPU.ActiveCfg = Debug|Any CPU
		{633A1A3D-7BF4-4A1C-B5D3-2B0B6A43529D}.Debug|Any CPU.Build.0 = Debug|Any CPU
		{633A1A3D-7BF4-4A1C-B5D3-2B0B6A43529D}.Debug|iPhone.ActiveCfg = Debug|Any CPU
		{633A1A3D-7BF4-4A1C-B5D3-2B0B6A43529D}.Debug|iPhone.Build.0 = Debug|Any CPU
		{633A1A3D-7BF4-4A1C-B5D3-2B0B6A43529D}.Debug|iPhoneSimulator.ActiveCfg = Debug|Any CPU
		{633A1A3D-7BF4-4A1C-B5D3-2B0B6A43529D}.Debug|iPhoneSimulator.Build.0 = Debug|Any CPU
		{633A1A3D-7BF4-4A1C-B5D3-2B0B6A43529D}.Release|Any CPU.ActiveCfg = Release|Any CPU
		{633A1A3D-7BF4-4A1C-B5D3-2B0B6A43529D}.Release|Any CPU.Build.0 = Release|Any CPU
		{633A1A3D-7BF4-4A1C-B5D3-2B0B6A43529D}.Release|iPhone.ActiveCfg = Release|Any CPU
		{633A1A3D-7BF4-4A1C-B5D3-2B0B6A43529D}.Release|iPhone.Build.0 = Release|Any CPU
		{633A1A3D-7BF4-4A1C-B5D3-2B0B6A43529D}.Release|iPhoneSimulator.ActiveCfg = Release|Any CPU
		{633A1A3D-7BF4-4A1C-B5D3-2B0B6A43529D}.Release|iPhoneSimulator.Build.0 = Release|Any CPU
	EndGlobalSection
	GlobalSection(SolutionProperties) = preSolution
		HideSolutionNode = FALSE
	EndGlobalSection
	GlobalSection(ExtensibilityGlobals) = postSolution
		SolutionGuid = {AE231763-4CB8-44D9-9504-DD5973AA198B}
	EndGlobalSection
EndGlobal
